
Microsoft Visual Studio Solution File, Format Version 11.00
# Visual C++ Express 2010
Project("{8BC9CEB8-8B4A-11D0-8D11-00A0C91BC942}") = "audiocodec.modplug", "audiocodec.modplug.vcxproj", "{D7E5649C-EC00-40E2-A6EF-51999520BCE5}"
EndProject
Project("{8BC9CEB8-8B4A-11D0-8D11-00A0C91BC942}") = "libmodplug_2010", "..\lib\libmodplug\libmodplug_2010.vcxproj", "{C15B374E-7126-48FF-B618-A375D7B17FCF}"
EndProject
Global
	GlobalSection(SolutionConfigurationPlatforms) = preSolution
		Debug|Win32 = Debug|Win32
		Release|Win32 = Release|Win32
	EndGlobalSection
	GlobalSection(ProjectConfigurationPlatforms) = postSolution
		{D7E5649C-EC00-40E2-A6EF-51999520BCE5}.Debug|Win32.ActiveCfg = Debug|Win32
		{D7E5649C-EC00-40E2-A6EF-51999520BCE5}.Debug|Win32.Build.0 = Debug|Win32
		{D7E5649C-EC00-40E2-A6EF-51999520BCE5}.Release|Win32.ActiveCfg = Release|Win32
		{D7E5649C-EC00-40E2-A6EF-51999520BCE5}.Release|Win32.Build.0 = Release|Win32
		{C15B374E-7126-48FF-B618-A375D7B17FCF}.Debug|Win32.ActiveCfg = Debug|Win32
		{C15B374E-7126-48FF-B618-A375D7B17FCF}.Debug|Win32.Build.0 = Debug|Win32
		{C15B374E-7126-48FF-B618-A375D7B17FCF}.Release|Win32.ActiveCfg = Release|Win32
		{C15B374E-7126-48FF-B618-A375D7B17FCF}.Release|Win32.Build.0 = Release|Win32
	EndGlobalSection
	GlobalSection(SolutionProperties) = preSolution
		HideSolutionNode = FALSE
	EndGlobalSection
EndGlobal
